
Microsoft Visual Studio Solution File, Format Version 12.00
# Visual Studio Version 17
VisualStudioVersion = 17.1.32328.378
MinimumVisualStudioVersion = 10.0.40219.1
Project("{9A19103F-16F7-4668-BE54-9A1E7A4F7556}") = "Drawer.Api", "Drawer.Api\Drawer.Api.csproj", "{71522DE7-2CF8-4A53-A671-9E1360179B91}"
EndProject
Project("{9A19103F-16F7-4668-BE54-9A1E7A4F7556}") = "Drawer.Domain", "Drawer.Domain\Drawer.Domain.csproj", "{55438E95-C778-4184-BF03-3DC82B46DB0B}"
EndProject
Project("{9A19103F-16F7-4668-BE54-9A1E7A4F7556}") = "Drawer.Infrastructure", "Drawer.Infrastructure\Drawer.Infrastructure.csproj", "{0BF7D543-059E-40E8-A1AE-FC64BD828C36}"
EndProject
Project("{9A19103F-16F7-4668-BE54-9A1E7A4F7556}") = "Drawer.Application", "Drawer.Application\Drawer.Application.csproj", "{48A24FFB-BF3E-48C6-B83C-C0099683D2FF}"
EndProject
Project("{9A19103F-16F7-4668-BE54-9A1E7A4F7556}") = "Drawer.Contract", "Drawer.Contract\Drawer.Contract.csproj", "{2494E51C-9D24-454B-A342-6512A620E636}"
EndProject
Project("{2150E333-8FDC-42A3-9474-1A3956D46DE8}") = "src", "src", "{904F15E6-A125-4CAC-9747-733F3D2E4D6D}"
EndProject
Project("{2150E333-8FDC-42A3-9474-1A3956D46DE8}") = "test", "test", "{5222AFEE-7817-49FD-BA75-5476801EE06F}"
EndProject
Project("{9A19103F-16F7-4668-BE54-9A1E7A4F7556}") = "Drawer.IntergrationTest", "Drawer.IntergrationTest\Drawer.IntergrationTest.csproj", "{829BE432-9419-4EE0-84DD-C1E5F66690C8}"
EndProject
Project("{9A19103F-16F7-4668-BE54-9A1E7A4F7556}") = "Drawer.Shared", "Drawer.Shared\Drawer.Shared.csproj", "{0B056CBD-5AFC-458B-9D4B-C5374D6C026F}"
EndProject
Project("{9A19103F-16F7-4668-BE54-9A1E7A4F7556}") = "Drawer.Web", "Drawer.Web\Drawer.Web.csproj", "{3B01E1CA-AD10-43AC-BEF8-41CFDABD3AAB}"
EndProject
Project("{9A19103F-16F7-4668-BE54-9A1E7A4F7556}") = "Drawer.AidBlazor", "Drawer.AidBlazor\Drawer.AidBlazor.csproj", "{82BEC7D9-47ED-41BE-B796-B4D7166B8697}"
EndProject
Global
	GlobalSection(SolutionConfigurationPlatforms) = preSolution
		Debug|Any CPU = Debug|Any CPU
		Release|Any CPU = Release|Any CPU
	EndGlobalSection
	GlobalSection(ProjectConfigurationPlatforms) = postSolution
		{71522DE7-2CF8-4A53-A671-9E1360179B91}.Debug|Any CPU.ActiveCfg = Debug|Any CPU
		{71522DE7-2CF8-4A53-A671-9E1360179B91}.Debug|Any CPU.Build.0 = Debug|Any CPU
		{71522DE7-2CF8-4A53-A671-9E1360179B91}.Release|Any CPU.ActiveCfg = Release|Any CPU
		{71522DE7-2CF8-4A53-A671-9E1360179B91}.Release|Any CPU.Build.0 = Release|Any CPU
		{55438E95-C778-4184-BF03-3DC82B46DB0B}.Debug|Any CPU.ActiveCfg = Debug|Any CPU
		{55438E95-C778-4184-BF03-3DC82B46DB0B}.Debug|Any CPU.Build.0 = Debug|Any CPU
		{55438E95-C778-4184-BF03-3DC82B46DB0B}.Release|Any CPU.ActiveCfg = Release|Any CPU
		{55438E95-C778-4184-BF03-3DC82B46DB0B}.Release|Any CPU.Build.0 = Release|Any CPU
		{0BF7D543-059E-40E8-A1AE-FC64BD828C36}.Debug|Any CPU.ActiveCfg = Debug|Any CPU
		{0BF7D543-059E-40E8-A1AE-FC64BD828C36}.Debug|Any CPU.Build.0 = Debug|Any CPU
		{0BF7D543-059E-40E8-A1AE-FC64BD828C36}.Release|Any CPU.ActiveCfg = Release|Any CPU
		{0BF7D543-059E-40E8-A1AE-FC64BD828C36}.Release|Any CPU.Build.0 = Release|Any CPU
		{48A24FFB-BF3E-48C6-B83C-C0099683D2FF}.Debug|Any CPU.ActiveCfg = Debug|Any CPU
		{48A24FFB-BF3E-48C6-B83C-C0099683D2FF}.Debug|Any CPU.Build.0 = Debug|Any CPU
		{48A24FFB-BF3E-48C6-B83C-C0099683D2FF}.Release|Any CPU.ActiveCfg = Release|Any CPU
		{48A24FFB-BF3E-48C6-B83C-C0099683D2FF}.Release|Any CPU.Build.0 = Release|Any CPU
		{2494E51C-9D24-454B-A342-6512A620E636}.Debug|Any CPU.ActiveCfg = Debug|Any CPU
		{2494E51C-9D24-454B-A342-6512A620E636}.Debug|Any CPU.Build.0 = Debug|Any CPU
		{2494E51C-9D24-454B-A342-6512A620E636}.Release|Any CPU.ActiveCfg = Release|Any CPU
		{2494E51C-9D24-454B-A342-6512A620E636}.Release|Any CPU.Build.0 = Release|Any CPU
		{829BE432-9419-4EE0-84DD-C1E5F66690C8}.Debug|Any CPU.ActiveCfg = Debug|Any CPU
		{829BE432-9419-4EE0-84DD-C1E5F66690C8}.Debug|Any CPU.Build.0 = Debug|Any CPU
		{829BE432-9419-4EE0-84DD-C1E5F66690C8}.Release|Any CPU.ActiveCfg = Release|Any CPU
		{829BE432-9419-4EE0-84DD-C1E5F66690C8}.Release|Any CPU.Build.0 = Release|Any CPU
		{0B056CBD-5AFC-458B-9D4B-C5374D6C026F}.Debug|Any CPU.ActiveCfg = Debug|Any CPU
		{0B056CBD-5AFC-458B-9D4B-C5374D6C026F}.Debug|Any CPU.Build.0 = Debug|Any CPU
		{0B056CBD-5AFC-458B-9D4B-C5374D6C026F}.Release|Any CPU.ActiveCfg = Release|Any CPU
		{0B056CBD-5AFC-458B-9D4B-C5374D6C026F}.Release|Any CPU.Build.0 = Release|Any CPU
		{3B01E1CA-AD10-43AC-BEF8-41CFDABD3AAB}.Debug|Any CPU.ActiveCfg = Debug|Any CPU
		{3B01E1CA-AD10-43AC-BEF8-41CFDABD3AAB}.Debug|Any CPU.Build.0 = Debug|Any CPU
		{3B01E1CA-AD10-43AC-BEF8-41CFDABD3AAB}.Release|Any CPU.ActiveCfg = Release|Any CPU
		{3B01E1CA-AD10-43AC-BEF8-41CFDABD3AAB}.Release|Any CPU.Build.0 = Release|Any CPU
		{82BEC7D9-47ED-41BE-B796-B4D7166B8697}.Debug|Any CPU.ActiveCfg = Debug|Any CPU
		{82BEC7D9-47ED-41BE-B796-B4D7166B8697}.Debug|Any CPU.Build.0 = Debug|Any CPU
		{82BEC7D9-47ED-41BE-B796-B4D7166B8697}.Release|Any CPU.ActiveCfg = Release|Any CPU
		{82BEC7D9-47ED-41BE-B796-B4D7166B8697}.Release|Any CPU.Build.0 = Release|Any CPU
	EndGlobalSection
	GlobalSection(SolutionProperties) = preSolution
		HideSolutionNode = FALSE
	EndGlobalSection
	GlobalSection(NestedProjects) = preSolution
		{71522DE7-2CF8-4A53-A671-9E1360179B91} = {904F15E6-A125-4CAC-9747-733F3D2E4D6D}
		{55438E95-C778-4184-BF03-3DC82B46DB0B} = {904F15E6-A125-4CAC-9747-733F3D2E4D6D}
		{0BF7D543-059E-40E8-A1AE-FC64BD828C36} = {904F15E6-A125-4CAC-9747-733F3D2E4D6D}
		{48A24FFB-BF3E-48C6-B83C-C0099683D2FF} = {904F15E6-A125-4CAC-9747-733F3D2E4D6D}
		{2494E51C-9D24-454B-A342-6512A620E636} = {904F15E6-A125-4CAC-9747-733F3D2E4D6D}
		{829BE432-9419-4EE0-84DD-C1E5F66690C8} = {5222AFEE-7817-49FD-BA75-5476801EE06F}
		{0B056CBD-5AFC-458B-9D4B-C5374D6C026F} = {904F15E6-A125-4CAC-9747-733F3D2E4D6D}
		{3B01E1CA-AD10-43AC-BEF8-41CFDABD3AAB} = {904F15E6-A125-4CAC-9747-733F3D2E4D6D}
		{82BEC7D9-47ED-41BE-B796-B4D7166B8697} = {904F15E6-A125-4CAC-9747-733F3D2E4D6D}
	EndGlobalSection
	GlobalSection(ExtensibilityGlobals) = postSolution
		SolutionGuid = {7E036C6B-7CC0-4730-BFB2-9335AB6AD597}
	EndGlobalSection
EndGlobal
